
Microsoft Visual Studio Solution File, Format Version 12.00
# Visual Studio Version 16
VisualStudioVersion = 16.0.30011.22
MinimumVisualStudioVersion = 10.0.40219.1
Project("{FAE04EC0-301F-11D3-BF4B-00C04F79EFBC}") = "prjReferencia", "prjReferencia\prjReferencia.csproj", "{A1949ABB-299A-45EA-874F-391C1D601ABB}"
EndProject
Global
	GlobalSection(SolutionConfigurationPlatforms) = preSolution
		Debug|Any CPU = Debug|Any CPU
		Release|Any CPU = Release|Any CPU
	EndGlobalSection
	GlobalSection(ProjectConfigurationPlatforms) = postSolution
		{A1949ABB-299A-45EA-874F-391C1D601ABB}.Debug|Any CPU.ActiveCfg = Debug|Any CPU
		{A1949ABB-299A-45EA-874F-391C1D601ABB}.Debug|Any CPU.Build.0 = Debug|Any CPU
		{A1949ABB-299A-45EA-874F-391C1D601ABB}.Release|Any CPU.ActiveCfg = Release|Any CPU
		{A1949ABB-299A-45EA-874F-391C1D601ABB}.Release|Any CPU.Build.0 = Release|Any CPU
	EndGlobalSection
	GlobalSection(SolutionProperties) = preSolution
		HideSolutionNode = FALSE
	EndGlobalSection
	GlobalSection(ExtensibilityGlobals) = postSolution
		SolutionGuid = {0FC542B8-DEB2-4ED4-98F0-B5A3C9F8D550}
	EndGlobalSection
EndGlobal
